
Microsoft Visual Studio Solution File, Format Version 12.00
# Visual Studio 15
VisualStudioVersion = 15.0.28307.779
MinimumVisualStudioVersion = 10.0.40219.1
Project("{FAE04EC0-301F-11D3-BF4B-00C04F79EFBC}") = "PruebaApp", "PruebaApp\PruebaApp.csproj", "{BADB25DA-75CE-44ED-927F-94B8EFFE5E75}"
EndProject
Global
	GlobalSection(SolutionConfigurationPlatforms) = preSolution
		Debug|Any CPU = Debug|Any CPU
		Release|Any CPU = Release|Any CPU
	EndGlobalSection
	GlobalSection(ProjectConfigurationPlatforms) = postSolution
		{BADB25DA-75CE-44ED-927F-94B8EFFE5E75}.Debug|Any CPU.ActiveCfg = Debug|Any CPU
		{BADB25DA-75CE-44ED-927F-94B8EFFE5E75}.Debug|Any CPU.Build.0 = Debug|Any CPU
		{BADB25DA-75CE-44ED-927F-94B8EFFE5E75}.Release|Any CPU.ActiveCfg = Release|Any CPU
		{BADB25DA-75CE-44ED-927F-94B8EFFE5E75}.Release|Any CPU.Build.0 = Release|Any CPU
	EndGlobalSection
	GlobalSection(SolutionProperties) = preSolution
		HideSolutionNode = FALSE
	EndGlobalSection
	GlobalSection(ExtensibilityGlobals) = postSolution
		SolutionGuid = {FC0DC7EA-A534-4551-B938-992B88790388}
	EndGlobalSection
EndGlobal
